
Microsoft Visual Studio Solution File, Format Version 12.00
# Visual Studio Version 17
VisualStudioVersion = 17.4.33205.214
MinimumVisualStudioVersion = 10.0.40219.1
Project("{9A19103F-16F7-4668-BE54-9A1E7A4F7556}") = "PlacingAnywhere", "PlacingAnywhere.csproj", "{A6E2781E-BF24-4682-B86F-BDC492B584F1}"
EndProject
Global
	GlobalSection(SolutionConfigurationPlatforms) = preSolution
		Debug|Any CPU = Debug|Any CPU
		Release|Any CPU = Release|Any CPU
	EndGlobalSection
	GlobalSection(ProjectConfigurationPlatforms) = postSolution
		{A6E2781E-BF24-4682-B86F-BDC492B584F1}.Debug|Any CPU.ActiveCfg = Debug|Any CPU
		{A6E2781E-BF24-4682-B86F-BDC492B584F1}.Debug|Any CPU.Build.0 = Debug|Any CPU
		{A6E2781E-BF24-4682-B86F-BDC492B584F1}.Release|Any CPU.ActiveCfg = Release|Any CPU
		{A6E2781E-BF24-4682-B86F-BDC492B584F1}.Release|Any CPU.Build.0 = Release|Any CPU
	EndGlobalSection
	GlobalSection(SolutionProperties) = preSolution
		HideSolutionNode = FALSE
	EndGlobalSection
	GlobalSection(ExtensibilityGlobals) = postSolution
		SolutionGuid = {9E0CAFFA-5D61-4CCF-AE07-BAD5823687DC}
	EndGlobalSection
EndGlobal
