
Microsoft Visual Studio Solution File, Format Version 12.00
# Visual Studio 15
VisualStudioVersion = 15.0.27428.2027
MinimumVisualStudioVersion = 10.0.40219.1
Project("{FAE04EC0-301F-11D3-BF4B-00C04F79EFBC}") = "tld-placing-anywhere", "tld-placing-anywhere.csproj", "{A6E2781E-BF24-4682-B86F-BDC492B584F1}"
EndProject
Global
	GlobalSection(SolutionConfigurationPlatforms) = preSolution
		Debug|Any CPU = Debug|Any CPU
		Release|Any CPU = Release|Any CPU
	EndGlobalSection
	GlobalSection(ProjectConfigurationPlatforms) = postSolution
		{A6E2781E-BF24-4682-B86F-BDC492B584F1}.Debug|Any CPU.ActiveCfg = Debug|Any CPU
		{A6E2781E-BF24-4682-B86F-BDC492B584F1}.Debug|Any CPU.Build.0 = Debug|Any CPU
		{A6E2781E-BF24-4682-B86F-BDC492B584F1}.Release|Any CPU.ActiveCfg = Release|Any CPU
		{A6E2781E-BF24-4682-B86F-BDC492B584F1}.Release|Any CPU.Build.0 = Release|Any CPU
	EndGlobalSection
	GlobalSection(SolutionProperties) = preSolution
		HideSolutionNode = FALSE
	EndGlobalSection
	GlobalSection(ExtensibilityGlobals) = postSolution
		SolutionGuid = {9E0CAFFA-5D61-4CCF-AE07-BAD5823687DC}
	EndGlobalSection
EndGlobal
